
Microsoft Visual Studio Solution File, Format Version 12.00
# Visual Studio Version 17
VisualStudioVersion = 17.4.33205.214
MinimumVisualStudioVersion = 10.0.40219.1
Project("{FAE04EC0-301F-11D3-BF4B-00C04F79EFBC}") = "ENVIO_FE", "ENVIO_FE.csproj", "{01C5DE21-5677-4581-B098-25C531E1CD5C}"
EndProject
Global
	GlobalSection(SolutionConfigurationPlatforms) = preSolution
		Debug|Any CPU = Debug|Any CPU
		Release|Any CPU = Release|Any CPU
	EndGlobalSection
	GlobalSection(ProjectConfigurationPlatforms) = postSolution
		{01C5DE21-5677-4581-B098-25C531E1CD5C}.Debug|Any CPU.ActiveCfg = Debug|Any CPU
		{01C5DE21-5677-4581-B098-25C531E1CD5C}.Debug|Any CPU.Build.0 = Debug|Any CPU
		{01C5DE21-5677-4581-B098-25C531E1CD5C}.Release|Any CPU.ActiveCfg = Release|Any CPU
		{01C5DE21-5677-4581-B098-25C531E1CD5C}.Release|Any CPU.Build.0 = Release|Any CPU
	EndGlobalSection
	GlobalSection(SolutionProperties) = preSolution
		HideSolutionNode = FALSE
	EndGlobalSection
	GlobalSection(ExtensibilityGlobals) = postSolution
		SolutionGuid = {8B8D3B45-8E75-4F55-B528-1935DBD6347D}
	EndGlobalSection
EndGlobal
